
Microsoft Visual Studio Solution File, Format Version 12.00
# Visual Studio 15
VisualStudioVersion = 15.0.27703.2018
MinimumVisualStudioVersion = 10.0.40219.1
Project("{FAE04EC0-301F-11D3-BF4B-00C04F79EFBC}") = "convertTest", "convertTest\convertTest.csproj", "{6C23D802-38E2-4ACF-9E5F-4EEDF8F1A1D4}"
EndProject
Project("{FAE04EC0-301F-11D3-BF4B-00C04F79EFBC}") = "timeTest", "timeTest\timeTest.csproj", "{9B3AFDEA-6FA0-40D4-8231-D218354214D8}"
EndProject
Project("{FAE04EC0-301F-11D3-BF4B-00C04F79EFBC}") = "timeTest1.0", "timeTest1.0\timeTest1.0.csproj", "{B880E45F-C974-4865-8E60-F88318FFAF3B}"
EndProject
Project("{FAE04EC0-301F-11D3-BF4B-00C04F79EFBC}") = "sordDictionaryTest", "sordDictionaryTest\sordDictionaryTest.csproj", "{937656DC-675F-45B3-9A37-C680AB55A869}"
EndProject
Project("{FAE04EC0-301F-11D3-BF4B-00C04F79EFBC}") = "globalVarTest", "globalVarTest\globalVarTest.csproj", "{F6875B36-7A53-4360-81BD-1FCE19869C93}"
EndProject
Project("{FAE04EC0-301F-11D3-BF4B-00C04F79EFBC}") = "threadTimeTest", "threadTimeTest\threadTimeTest.csproj", "{E63F2231-C5F7-45A7-B3B5-DCC9E203F756}"
EndProject
Project("{FAE04EC0-301F-11D3-BF4B-00C04F79EFBC}") = "autoReSetEvent", "autoReSetEvent\autoReSetEvent.csproj", "{5737D373-1CC3-4AB5-8E5C-71FAB2A6B9F6}"
EndProject
Project("{FAE04EC0-301F-11D3-BF4B-00C04F79EFBC}") = "refTest", "refTest\refTest.csproj", "{5E865D84-8640-4669-90E1-6CDB8188B484}"
EndProject
Project("{FAE04EC0-301F-11D3-BF4B-00C04F79EFBC}") = "outTest", "outTest\outTest.csproj", "{387934EC-C90B-420C-ADDB-34856A1938CF}"
EndProject
Global
	GlobalSection(SolutionConfigurationPlatforms) = preSolution
		Debug|Any CPU = Debug|Any CPU
		Release|Any CPU = Release|Any CPU
	EndGlobalSection
	GlobalSection(ProjectConfigurationPlatforms) = postSolution
		{6C23D802-38E2-4ACF-9E5F-4EEDF8F1A1D4}.Debug|Any CPU.ActiveCfg = Debug|Any CPU
		{6C23D802-38E2-4ACF-9E5F-4EEDF8F1A1D4}.Debug|Any CPU.Build.0 = Debug|Any CPU
		{6C23D802-38E2-4ACF-9E5F-4EEDF8F1A1D4}.Release|Any CPU.ActiveCfg = Release|Any CPU
		{6C23D802-38E2-4ACF-9E5F-4EEDF8F1A1D4}.Release|Any CPU.Build.0 = Release|Any CPU
		{9B3AFDEA-6FA0-40D4-8231-D218354214D8}.Debug|Any CPU.ActiveCfg = Debug|Any CPU
		{9B3AFDEA-6FA0-40D4-8231-D218354214D8}.Debug|Any CPU.Build.0 = Debug|Any CPU
		{9B3AFDEA-6FA0-40D4-8231-D218354214D8}.Release|Any CPU.ActiveCfg = Release|Any CPU
		{9B3AFDEA-6FA0-40D4-8231-D218354214D8}.Release|Any CPU.Build.0 = Release|Any CPU
		{B880E45F-C974-4865-8E60-F88318FFAF3B}.Debug|Any CPU.ActiveCfg = Debug|Any CPU
		{B880E45F-C974-4865-8E60-F88318FFAF3B}.Debug|Any CPU.Build.0 = Debug|Any CPU
		{B880E45F-C974-4865-8E60-F88318FFAF3B}.Release|Any CPU.ActiveCfg = Release|Any CPU
		{B880E45F-C974-4865-8E60-F88318FFAF3B}.Release|Any CPU.Build.0 = Release|Any CPU
		{937656DC-675F-45B3-9A37-C680AB55A869}.Debug|Any CPU.ActiveCfg = Debug|Any CPU
		{937656DC-675F-45B3-9A37-C680AB55A869}.Debug|Any CPU.Build.0 = Debug|Any CPU
		{937656DC-675F-45B3-9A37-C680AB55A869}.Release|Any CPU.ActiveCfg = Release|Any CPU
		{937656DC-675F-45B3-9A37-C680AB55A869}.Release|Any CPU.Build.0 = Release|Any CPU
		{F6875B36-7A53-4360-81BD-1FCE19869C93}.Debug|Any CPU.ActiveCfg = Debug|Any CPU
		{F6875B36-7A53-4360-81BD-1FCE19869C93}.Debug|Any CPU.Build.0 = Debug|Any CPU
		{F6875B36-7A53-4360-81BD-1FCE19869C93}.Release|Any CPU.ActiveCfg = Release|Any CPU
		{F6875B36-7A53-4360-81BD-1FCE19869C93}.Release|Any CPU.Build.0 = Release|Any CPU
		{E63F2231-C5F7-45A7-B3B5-DCC9E203F756}.Debug|Any CPU.ActiveCfg = Debug|Any CPU
		{E63F2231-C5F7-45A7-B3B5-DCC9E203F756}.Debug|Any CPU.Build.0 = Debug|Any CPU
		{E63F2231-C5F7-45A7-B3B5-DCC9E203F756}.Release|Any CPU.ActiveCfg = Release|Any CPU
		{E63F2231-C5F7-45A7-B3B5-DCC9E203F756}.Release|Any CPU.Build.0 = Release|Any CPU
		{5737D373-1CC3-4AB5-8E5C-71FAB2A6B9F6}.Debug|Any CPU.ActiveCfg = Debug|Any CPU
		{5737D373-1CC3-4AB5-8E5C-71FAB2A6B9F6}.Debug|Any CPU.Build.0 = Debug|Any CPU
		{5737D373-1CC3-4AB5-8E5C-71FAB2A6B9F6}.Release|Any CPU.ActiveCfg = Release|Any CPU
		{5737D373-1CC3-4AB5-8E5C-71FAB2A6B9F6}.Release|Any CPU.Build.0 = Release|Any CPU
		{5E865D84-8640-4669-90E1-6CDB8188B484}.Debug|Any CPU.ActiveCfg = Debug|Any CPU
		{5E865D84-8640-4669-90E1-6CDB8188B484}.Debug|Any CPU.Build.0 = Debug|Any CPU
		{5E865D84-8640-4669-90E1-6CDB8188B484}.Release|Any CPU.ActiveCfg = Release|Any CPU
		{5E865D84-8640-4669-90E1-6CDB8188B484}.Release|Any CPU.Build.0 = Release|Any CPU
		{387934EC-C90B-420C-ADDB-34856A1938CF}.Debug|Any CPU.ActiveCfg = Debug|Any CPU
		{387934EC-C90B-420C-ADDB-34856A1938CF}.Debug|Any CPU.Build.0 = Debug|Any CPU
		{387934EC-C90B-420C-ADDB-34856A1938CF}.Release|Any CPU.ActiveCfg = Release|Any CPU
		{387934EC-C90B-420C-ADDB-34856A1938CF}.Release|Any CPU.Build.0 = Release|Any CPU
	EndGlobalSection
	GlobalSection(SolutionProperties) = preSolution
		HideSolutionNode = FALSE
	EndGlobalSection
	GlobalSection(ExtensibilityGlobals) = postSolution
		SolutionGuid = {CD7C3C8F-A7BB-4209-84CF-FA15006D7DA4}
	EndGlobalSection
EndGlobal
